// !$*UTF8*$!
{
	archiveVersion = 1;
	classes = {
	};
	objectVersion = 51;
	objects = {

/* Begin PBXBuildFile section */
		022A8BE5ED18EE896CF893A0 /* Pods_SwiftTodo.framework in Frameworks */ = {isa = PBXBuildFile; fileRef = ADD4FC8FDBE759CDCB3023A7 /* Pods_SwiftTodo.framework */; };
		9A69F5B225C0396C009D1C8B /* AppDelegate.swift in Sources */ = {isa = PBXBuildFile; fileRef = 9A69F5B125C0396C009D1C8B /* AppDelegate.swift */; };
		9A69F5B425C0396C009D1C8B /* SceneDelegate.swift in Sources */ = {isa = PBXBuildFile; fileRef = 9A69F5B325C0396C009D1C8B /* SceneDelegate.swift */; };
		9A69F5B625C0396C009D1C8B /* ViewController.swift in Sources */ = {isa = PBXBuildFile; fileRef = 9A69F5B525C0396C009D1C8B /* ViewController.swift */; };
		9A69F5B925C0396C009D1C8B /* Main.storyboard in Resources */ = {isa = PBXBuildFile; fileRef = 9A69F5B725C0396C009D1C8B /* Main.storyboard */; };
		9A69F5BB25C0396F009D1C8B /* Assets.xcassets in Resources */ = {isa = PBXBuildFile; fileRef = 9A69F5BA25C0396F009D1C8B /* Assets.xcassets */; };
		9A69F5BE25C0396F009D1C8B /* LaunchScreen.storyboard in Resources */ = {isa = PBXBuildFile; fileRef = 9A69F5BC25C0396F009D1C8B /* LaunchScreen.storyboard */; };
		9A69F5CC25C03C3F009D1C8B /* Todo.swift in Sources */ = {isa = PBXBuildFile; fileRef = 9A69F5CB25C03C3F009D1C8B /* Todo.swift */; };
		9A69F5D225C1982C009D1C8B /* AddViewController.swift in Sources */ = {isa = PBXBuildFile; fileRef = 9A69F5D125C1982C009D1C8B /* AddViewController.swift */; };
		9A69F5D525C2E650009D1C8B /* EditViewController.swift in Sources */ = {isa = PBXBuildFile; fileRef = 9A69F5D425C2E650009D1C8B /* EditViewController.swift */; };
/* End PBXBuildFile section */

/* Begin PBXFileReference section */
		1C04CC5F77C35096A2045E55 /* Pods-SwiftTodo.release.xcconfig */ = {isa = PBXFileReference; includeInIndex = 1; lastKnownFileType = text.xcconfig; name = "Pods-SwiftTodo.release.xcconfig"; path = "Target Support Files/Pods-SwiftTodo/Pods-SwiftTodo.release.xcconfig"; sourceTree = "<group>"; };
		9A69F5AE25C0396C009D1C8B /* SwiftTodo.app */ = {isa = PBXFileReference; explicitFileType = wrapper.application; includeInIndex = 0; path = SwiftTodo.app; sourceTree = BUILT_PRODUCTS_DIR; };
		9A69F5B125C0396C009D1C8B /* AppDelegate.swift */ = {isa = PBXFileReference; lastKnownFileType = sourcecode.swift; path = AppDelegate.swift; sourceTree = "<group>"; };
		9A69F5B325C0396C009D1C8B /* SceneDelegate.swift */ = {isa = PBXFileReference; lastKnownFileType = sourcecode.swift; path = SceneDelegate.swift; sourceTree = "<group>"; };
		9A69F5B525C0396C009D1C8B /* ViewController.swift */ = {isa = PBXFileReference; lastKnownFileType = sourcecode.swift; path = ViewController.swift; sourceTree = "<group>"; };
		9A69F5B825C0396C009D1C8B /* Base */ = {isa = PBXFileReference; lastKnownFileType = file.storyboard; name = Base; path = Base.lproj/Main.storyboard; sourceTree = "<group>"; };
		9A69F5BA25C0396F009D1C8B /* Assets.xcassets */ = {isa = PBXFileReference; lastKnownFileType = folder.assetcatalog; path = Assets.xcassets; sourceTree = "<group>"; };
		9A69F5BD25C0396F009D1C8B /* Base */ = {isa = PBXFileReference; lastKnownFileType = file.storyboard; name = Base; path = Base.lproj/LaunchScreen.storyboard; sourceTree = "<group>"; };
		9A69F5BF25C0396F009D1C8B /* Info.plist */ = {isa = PBXFileReference; lastKnownFileType = text.plist.xml; path = Info.plist; sourceTree = "<group>"; };
		9A69F5CB25C03C3F009D1C8B /* Todo.swift */ = {isa = PBXFileReference; lastKnownFileType = sourcecode.swift; path = Todo.swift; sourceTree = "<group>"; };
		9A69F5D125C1982C009D1C8B /* AddViewController.swift */ = {isa = PBXFileReference; lastKnownFileType = sourcecode.swift; path = AddViewController.swift; sourceTree = "<group>"; };
		9A69F5D425C2E650009D1C8B /* EditViewController.swift */ = {isa = PBXFileReference; lastKnownFileType = sourcecode.swift; path = EditViewController.swift; sourceTree = "<group>"; };
		ADD4FC8FDBE759CDCB3023A7 /* Pods_SwiftTodo.framework */ = {isa = PBXFileReference; explicitFileType = wrapper.framework; includeInIndex = 0; path = Pods_SwiftTodo.framework; sourceTree = BUILT_PRODUCTS_DIR; };
		B93C3ACAE4325DCD085B094B /* Pods-SwiftTodo.debug.xcconfig */ = {isa = PBXFileReference; includeInIndex = 1; lastKnownFileType = text.xcconfig; name = "Pods-SwiftTodo.debug.xcconfig"; path = "Target Support Files/Pods-SwiftTodo/Pods-SwiftTodo.debug.xcconfig"; sourceTree = "<group>"; };
/* End PBXFileReference section */

/* Begin PBXFrameworksBuildPhase section */
		9A69F5AB25C0396B009D1C8B /* Frameworks */ = {
			isa = PBXFrameworksBuildPhase;
			buildActionMask = 2147483647;
			files = (
				022A8BE5ED18EE896CF893A0 /* Pods_SwiftTodo.framework in Frameworks */,
			);
			runOnlyForDeploymentPostprocessing = 0;
		};
/* End PBXFrameworksBuildPhase section */

/* Begin PBXGroup section */
		07773E0638B7A3B3AB82A862 /* Pods */ = {
			isa = PBXGroup;
			children = (
				B93C3ACAE4325DCD085B094B /* Pods-SwiftTodo.debug.xcconfig */,
				1C04CC5F77C35096A2045E55 /* Pods-SwiftTodo.release.xcconfig */,
			);
			path = Pods;
			sourceTree = "<group>";
		};
		34DDD72BBFC019F2F1331F11 /* Frameworks */ = {
			isa = PBXGroup;
			children = (
				ADD4FC8FDBE759CDCB3023A7 /* Pods_SwiftTodo.framework */,
			);
			name = Frameworks;
			sourceTree = "<group>";
		};
		9A69F5A525C0396B009D1C8B = {
			isa = PBXGroup;
			children = (
				9A69F5B025C0396C009D1C8B /* SwiftTodo */,
				9A69F5AF25C0396C009D1C8B /* Products */,
				07773E0638B7A3B3AB82A862 /* Pods */,
				34DDD72BBFC019F2F1331F11 /* Frameworks */,
			);
			sourceTree = "<group>";
		};
		9A69F5AF25C0396C009D1C8B /* Products */ = {
			isa = PBXGroup;
			children = (
				9A69F5AE25C0396C009D1C8B /* SwiftTodo.app */,
			);
			name = Products;
			sourceTree = "<group>";
		};
		9A69F5B025C0396C009D1C8B /* SwiftTodo */ = {
			isa = PBXGroup;
			children = (
				9A69F5B125C0396C009D1C8B /* AppDelegate.swift */,
				9A69F5B325C0396C009D1C8B /* SceneDelegate.swift */,
				9A69F5B525C0396C009D1C8B /* ViewController.swift */,
				9A69F5D425C2E650009D1C8B /* EditViewController.swift */,
				9A69F5B725C0396C009D1C8B /* Main.storyboard */,
				9A69F5D125C1982C009D1C8B /* AddViewController.swift */,
				9A69F5BA25C0396F009D1C8B /* Assets.xcassets */,
				9A69F5BC25C0396F009D1C8B /* LaunchScreen.storyboard */,
				9A69F5BF25C0396F009D1C8B /* Info.plist */,
				9A69F5CB25C03C3F009D1C8B /* Todo.swift */,
			);
			path = SwiftTodo;
			sourceTree = "<group>";
		};
/* End PBXGroup section */

/* Begin PBXNativeTarget section */
		9A69F5AD25C0396B009D1C8B /* SwiftTodo */ = {
			isa = PBXNativeTarget;
			buildConfigurationList = 9A69F5C225C0396F009D1C8B /* Build configuration list for PBXNativeTarget "SwiftTodo" */;
			buildPhases = (
				CC500E145BB0478136D27CA4 /* [CP] Check Pods Manifest.lock */,
				9A69F5AA25C0396B009D1C8B /* Sources */,
				9A69F5AB25C0396B009D1C8B /* Frameworks */,
				9A69F5AC25C0396B009D1C8B /* Resources */,
				0D3DE93A18BC79535D230462 /* [CP] Embed Pods Frameworks */,
			);
			buildRules = (
			);
			dependencies = (
			);
			name = SwiftTodo;
			productName = SwiftTodo;
			productReference = 9A69F5AE25C0396C009D1C8B /* SwiftTodo.app */;
			productType = "com.apple.product-type.application";
		};
/* End PBXNativeTarget section */

/* Begin PBXProject section */
		9A69F5A625C0396B009D1C8B /* Project object */ = {
			isa = PBXProject;
			attributes = {
				LastSwiftUpdateCheck = 1220;
				LastUpgradeCheck = 1220;
				TargetAttributes = {
					9A69F5AD25C0396B009D1C8B = {
						CreatedOnToolsVersion = 12.2;
					};
				};
			};
			buildConfigurationList = 9A69F5A925C0396B009D1C8B /* Build configuration list for PBXProject "SwiftTodo" */;
			compatibilityVersion = "Xcode 9.3";
			developmentRegion = en;
			hasScannedForEncodings = 0;
			knownRegions = (
				en,
				Base,
			);
			mainGroup = 9A69F5A525C0396B009D1C8B;
			productRefGroup = 9A69F5AF25C0396C009D1C8B /* Products */;
			projectDirPath = "";
			projectRoot = "";
			targets = (
				9A69F5AD25C0396B009D1C8B /* SwiftTodo */,
			);
		};
/* End PBXProject section */

/* Begin PBXResourcesBuildPhase section */
		9A69F5AC25C0396B009D1C8B /* Resources */ = {
			isa = PBXResourcesBuildPhase;
			buildActionMask = 2147483647;
			files = (
				9A69F5BE25C0396F009D1C8B /* LaunchScreen.storyboard in Resources */,
				9A69F5BB25C0396F009D1C8B /* Assets.xcassets in Resources */,
				9A69F5B925C0396C009D1C8B /* Main.storyboard in Resources */,
			);
			runOnlyForDeploymentPostprocessing = 0;
		};
/* End PBXResourcesBuildPhase section */

/* Begin PBXShellScriptBuildPhase section */
		0D3DE93A18BC79535D230462 /* [CP] Embed Pods Frameworks */ = {
			isa = PBXShellScriptBuildPhase;
			buildActionMask = 2147483647;
			files = (
			);
			inputFileListPaths = (
				"${PODS_ROOT}/Target Support Files/Pods-SwiftTodo/Pods-SwiftTodo-frameworks-${CONFIGURATION}-input-files.xcfilelist",
			);
			name = "[CP] Embed Pods Frameworks";
			outputFileListPaths = (
				"${PODS_ROOT}/Target Support Files/Pods-SwiftTodo/Pods-SwiftTodo-frameworks-${CONFIGURATION}-output-files.xcfilelist",
			);
			runOnlyForDeploymentPostprocessing = 0;
			shellPath = /bin/sh;
			shellScript = "\"${PODS_ROOT}/Target Support Files/Pods-SwiftTodo/Pods-SwiftTodo-frameworks.sh\"\n";
			showEnvVarsInLog = 0;
		};
		CC500E145BB0478136D27CA4 /* [CP] Check Pods Manifest.lock */ = {
			isa = PBXShellScriptBuildPhase;
			buildActionMask = 2147483647;
			files = (
			);
			inputFileListPaths = (
			);
			inputPaths = (
				"${PODS_PODFILE_DIR_PATH}/Podfile.lock",
				"${PODS_ROOT}/Manifest.lock",
			);
			name = "[CP] Check Pods Manifest.lock";
			outputFileListPaths = (
			);
			outputPaths = (
				"$(DERIVED_FILE_DIR)/Pods-SwiftTodo-checkManifestLockResult.txt",
			);
			runOnlyForDeploymentPostprocessing = 0;
			shellPath = /bin/sh;
			shellScript = "diff \"${PODS_PODFILE_DIR_PATH}/Podfile.lock\" \"${PODS_ROOT}/Manifest.lock\" > /dev/null\nif [ $? != 0 ] ; then\n    # print error to STDERR\n    echo \"error: The sandbox is not in sync with the Podfile.lock. Run 'pod install' or update your CocoaPods installation.\" >&2\n    exit 1\nfi\n# This output is used by Xcode 'outputs' to avoid re-running this script phase.\necho \"SUCCESS\" > \"${SCRIPT_OUTPUT_FILE_0}\"\n";
			showEnvVarsInLog = 0;
		};
/* End PBXShellScriptBuildPhase section */

/* Begin PBXSourcesBuildPhase section */
		9A69F5AA25C0396B009D1C8B /* Sources */ = {
			isa = PBXSourcesBuildPhase;
			buildActionMask = 2147483647;
			files = (
				9A69F5D225C1982C009D1C8B /* AddViewController.swift in Sources */,
				9A69F5B625C0396C009D1C8B /* ViewController.swift in Sources */,
				9A69F5D525C2E650009D1C8B /* EditViewController.swift in Sources */,
				9A69F5B225C0396C009D1C8B /* AppDelegate.swift in Sources */,
				9A69F5B425C0396C009D1C8B /* SceneDelegate.swift in Sources */,
				9A69F5CC25C03C3F009D1C8B /* Todo.swift in Sources */,
			);
			runOnlyForDeploymentPostprocessing = 0;
		};
/* End PBXSourcesBuildPhase section */

/* Begin PBXVariantGroup section */
		9A69F5B725C0396C009D1C8B /* Main.storyboard */ = {
			isa = PBXVariantGroup;
			children = (
				9A69F5B825C0396C009D1C8B /* Base */,
			);
			name = Main.storyboard;
			sourceTree = "<group>";
		};
		9A69F5BC25C0396F009D1C8B /* LaunchScreen.storyboard */ = {
			isa = PBXVariantGroup;
			children = (
				9A69F5BD25C0396F009D1C8B /* Base */,
			);
			name = LaunchScreen.storyboard;
			sourceTree = "<group>";
		};
/* End PBXVariantGroup section */

/* Begin XCBuildConfiguration section */
		9A69F5C025C0396F009D1C8B /* Debug */ = {
			isa = XCBuildConfiguration;
			buildSettings = {
				ALWAYS_SEARCH_USER_PATHS = NO;
				CLANG_ANALYZER_NONNULL = YES;
				CLANG_ANALYZER_NUMBER_OBJECT_CONVERSION = YES_AGGRESSIVE;
				CLANG_CXX_LANGUAGE_STANDARD = "gnu++14";
				CLANG_CXX_LIBRARY = "libc++";
				CLANG_ENABLE_MODULES = YES;
				CLANG_ENABLE_OBJC_ARC = YES;
				CLANG_ENABLE_OBJC_WEAK = YES;
				CLANG_WARN_BLOCK_CAPTURE_AUTORELEASING = YES;
				CLANG_WARN_BOOL_CONVERSION = YES;
				CLANG_WARN_COMMA = YES;
				CLANG_WARN_CONSTANT_CONVERSION = YES;
				CLANG_WARN_DEPRECATED_OBJC_IMPLEMENTATIONS = YES;
				CLANG_WARN_DIRECT_OBJC_ISA_USAGE = YES_ERROR;
				CLANG_WARN_DOCUMENTATION_COMMENTS = YES;
				CLANG_WARN_EMPTY_BODY = YES;
				CLANG_WARN_ENUM_CONVERSION = YES;
				CLANG_WARN_INFINITE_RECURSION = YES;
				CLANG_WARN_INT_CONVERSION = YES;
				CLANG_WARN_NON_LITERAL_NULL_CONVERSION = YES;
				CLANG_WARN_OBJC_IMPLICIT_RETAIN_SELF = YES;
				CLANG_WARN_OBJC_LITERAL_CONVERSION = YES;
				CLANG_WARN_OBJC_ROOT_CLASS = YES_ERROR;
				CLANG_WARN_QUOTED_INCLUDE_IN_FRAMEWORK_HEADER = YES;
				CLANG_WARN_RANGE_LOOP_ANALYSIS = YES;
				CLANG_WARN_STRICT_PROTOTYPES = YES;
				CLANG_WARN_SUSPICIOUS_MOVE = YES;
				CLANG_WARN_UNGUARDED_AVAILABILITY = YES_AGGRESSIVE;
				CLANG_WARN_UNREACHABLE_CODE = YES;
				CLANG_WARN__DUPLICATE_METHOD_MATCH = YES;
				COPY_PHASE_STRIP = NO;
				DEBUG_INFORMATION_FORMAT = dwarf;
				ENABLE_STRICT_OBJC_MSGSEND = YES;
				ENABLE_TESTABILITY = YES;
				GCC_C_LANGUAGE_STANDARD = gnu11;
				GCC_DYNAMIC_NO_PIC = NO;
				GCC_NO_COMMON_BLOCKS = YES;
				GCC_OPTIMIZATION_LEVEL = 0;
				GCC_PREPROCESSOR_DEFINITIONS = (
					"DEBUG=1",
					"$(inherited)",
				);
				GCC_WARN_64_TO_32_BIT_CONVERSION = YES;
				GCC_WARN_ABOUT_RETURN_TYPE = YES_ERROR;
				GCC_WARN_UNDECLARED_SELECTOR = YES;
				GCC_WARN_UNINITIALIZED_AUTOS = YES_AGGRESSIVE;
				GCC_WARN_UNUSED_FUNCTION = YES;
				GCC_WARN_UNUSED_VARIABLE = YES;
				IPHONEOS_DEPLOYMENT_TARGET = 14.2;
				MTL_ENABLE_DEBUG_INFO = INCLUDE_SOURCE;
				MTL_FAST_MATH = YES;
				ONLY_ACTIVE_ARCH = YES;
				SDKROOT = iphoneos;
				SWIFT_ACTIVE_COMPILATION_CONDITIONS = DEBUG;
				SWIFT_OPTIMIZATION_LEVEL = "-Onone";
			};
			name = Debug;
		};
		9A69F5C125C0396F009D1C8B /* Release */ = {
			isa = XCBuildConfiguration;
			buildSettings = {
				ALWAYS_SEARCH_USER_PATHS = NO;
				CLANG_ANALYZER_NONNULL = YES;
				CLANG_ANALYZER_NUMBER_OBJECT_CONVERSION = YES_AGGRESSIVE;
				CLANG_CXX_LANGUAGE_STANDARD = "gnu++14";
				CLANG_CXX_LIBRARY = "libc++";
				CLANG_ENABLE_MODULES = YES;
				CLANG_ENABLE_OBJC_ARC = YES;
				CLANG_ENABLE_OBJC_WEAK = YES;
				CLANG_WARN_BLOCK_CAPTURE_AUTORELEASING = YES;
				CLANG_WARN_BOOL_CONVERSION = YES;
				CLANG_WARN_COMMA = YES;
				CLANG_WARN_CONSTANT_CONVERSION = YES;
				CLANG_WARN_DEPRECATED_OBJC_IMPLEMENTATIONS = YES;
				CLANG_WARN_DIRECT_OBJC_ISA_USAGE = YES_ERROR;
				CLANG_WARN_DOCUMENTATION_COMMENTS = YES;
				CLANG_WARN_EMPTY_BODY = YES;
				CLANG_WARN_ENUM_CONVERSION = YES;
				CLANG_WARN_INFINITE_RECURSION = YES;
				CLANG_WARN_INT_CONVERSION = YES;
				CLANG_WARN_NON_LITERAL_NULL_CONVERSION = YES;
				CLANG_WARN_OBJC_IMPLICIT_RETAIN_SELF = YES;
				CLANG_WARN_OBJC_LITERAL_CONVERSION = YES;
				CLANG_WARN_OBJC_ROOT_CLASS = YES_ERROR;
				CLANG_WARN_QUOTED_INCLUDE_IN_FRAMEWORK_HEADER = YES;
				CLANG_WARN_RANGE_LOOP_ANALYSIS = YES;
				CLANG_WARN_STRICT_PROTOTYPES = YES;
				CLANG_WARN_SUSPICIOUS_MOVE = YES;
				CLANG_WARN_UNGUARDED_AVAILABILITY = YES_AGGRESSIVE;
				CLANG_WARN_UNREACHABLE_CODE = YES;
				CLANG_WARN__DUPLICATE_METHOD_MATCH = YES;
				COPY_PHASE_STRIP = NO;
				DEBUG_INFORMATION_FORMAT = "dwarf-with-dsym";
				ENABLE_NS_ASSERTIONS = NO;
				ENABLE_STRICT_OBJC_MSGSEND = YES;
				GCC_C_LANGUAGE_STANDARD = gnu11;
				GCC_NO_COMMON_BLOCKS = YES;
				GCC_WARN_64_TO_32_BIT_CONVERSION = YES;
				GCC_WARN_ABOUT_RETURN_TYPE = YES_ERROR;
				GCC_WARN_UNDECLARED_SELECTOR = YES;
				GCC_WARN_UNINITIALIZED_AUTOS = YES_AGGRESSIVE;
				GCC_WARN_UNUSED_FUNCTION = YES;
				GCC_WARN_UNUSED_VARIABLE = YES;
				IPHONEOS_DEPLOYMENT_TARGET = 14.2;
				MTL_ENABLE_DEBUG_INFO = NO;
				MTL_FAST_MATH = YES;
				SDKROOT = iphoneos;
				SWIFT_COMPILATION_MODE = wholemodule;
				SWIFT_OPTIMIZATION_LEVEL = "-O";
				VALIDATE_PRODUCT = YES;
			};
			name = Release;
		};
		9A69F5C325C0396F009D1C8B /* Debug */ = {
			isa = XCBuildConfiguration;
			baseConfigurationReference = B93C3ACAE4325DCD085B094B /* Pods-SwiftTodo.debug.xcconfig */;
			buildSettings = {
				ASSETCATALOG_COMPILER_APPICON_NAME = AppIcon;
				ASSETCATALOG_COMPILER_GLOBAL_ACCENT_COLOR_NAME = AccentColor;
				CODE_SIGN_STYLE = Automatic;
				DEVELOPMENT_TEAM = 93RCD7S44R;
				INFOPLIST_FILE = SwiftTodo/Info.plist;
				LD_RUNPATH_SEARCH_PATHS = (
					"$(inherited)",
					"@executable_path/Frameworks",
				);
				PRODUCT_BUNDLE_IDENTIFIER = Sasama.SwiftTodo;
				PRODUCT_NAME = "$(TARGET_NAME)";
				SWIFT_VERSION = 5.0;
				TARGETED_DEVICE_FAMILY = "1,2";
			};
			name = Debug;
		};
		9A69F5C425C0396F009D1C8B /* Release */ = {
			isa = XCBuildConfiguration;
			baseConfigurationReference = 1C04CC5F77C35096A2045E55 /* Pods-SwiftTodo.release.xcconfig */;
			buildSettings = {
				ASSETCATALOG_COMPILER_APPICON_NAME = AppIcon;
				ASSETCATALOG_COMPILER_GLOBAL_ACCENT_COLOR_NAME = AccentColor;
				CODE_SIGN_STYLE = Automatic;
				DEVELOPMENT_TEAM = 93RCD7S44R;
				INFOPLIST_FILE = SwiftTodo/Info.plist;
				LD_RUNPATH_SEARCH_PATHS = (
					"$(inherited)",
					"@executable_path/Frameworks",
				);
				PRODUCT_BUNDLE_IDENTIFIER = Sasama.SwiftTodo;
				PRODUCT_NAME = "$(TARGET_NAME)";
				SWIFT_VERSION = 5.0;
				TARGETED_DEVICE_FAMILY = "1,2";
			};
			name = Release;
		};
/* End XCBuildConfiguration section */

/* Begin XCConfigurationList section */
		9A69F5A925C0396B009D1C8B /* Build configuration list for PBXProject "SwiftTodo" */ = {
			isa = XCConfigurationList;
			buildConfigurations = (
				9A69F5C025C0396F009D1C8B /* Debug */,
				9A69F5C125C0396F009D1C8B /* Release */,
			);
			defaultConfigurationIsVisible = 0;
			defaultConfigurationName = Release;
		};
		9A69F5C225C0396F009D1C8B /* Build configuration list for PBXNativeTarget "SwiftTodo" */ = {
			isa = XCConfigurationList;
			buildConfigurations = (
				9A69F5C325C0396F009D1C8B /* Debug */,
				9A69F5C425C0396F009D1C8B /* Release */,
			);
			defaultConfigurationIsVisible = 0;
			defaultConfigurationName = Release;
		};
/* End XCConfigurationList section */
	};
	rootObject = 9A69F5A625C0396B009D1C8B /* Project object */;
}
